
Microsoft Visual Studio Solution File, Format Version 12.00
# Visual Studio Version 16
VisualStudioVersion = 16.0.31005.135
MinimumVisualStudioVersion = 10.0.40219.1
Project("{FAE04EC0-301F-11D3-BF4B-00C04F79EFBC}") = "Akismet.Net", "Akismet.Net\Akismet.Net.csproj", "{508EF0F6-3097-4B8B-B6E5-A725B12C030A}"
EndProject
Global
	GlobalSection(SolutionConfigurationPlatforms) = preSolution
		Debug|Any CPU = Debug|Any CPU
		Release|Any CPU = Release|Any CPU
	EndGlobalSection
	GlobalSection(ProjectConfigurationPlatforms) = postSolution
		{508EF0F6-3097-4B8B-B6E5-A725B12C030A}.Debug|Any CPU.ActiveCfg = Debug|Any CPU
		{508EF0F6-3097-4B8B-B6E5-A725B12C030A}.Debug|Any CPU.Build.0 = Debug|Any CPU
		{508EF0F6-3097-4B8B-B6E5-A725B12C030A}.Release|Any CPU.ActiveCfg = Release|Any CPU
		{508EF0F6-3097-4B8B-B6E5-A725B12C030A}.Release|Any CPU.Build.0 = Release|Any CPU
	EndGlobalSection
	GlobalSection(SolutionProperties) = preSolution
		HideSolutionNode = FALSE
	EndGlobalSection
	GlobalSection(ExtensibilityGlobals) = postSolution
		SolutionGuid = {8B7A42D0-95FF-4113-98AA-20666782A52F}
	EndGlobalSection
EndGlobal
